
Microsoft Visual Studio Solution File, Format Version 12.00
# Visual Studio 2012
Project("{D954291E-2A0B-460D-934E-DC6B0785DB48}") = "waterPlants", "waterPlants\waterPlants.shproj", "{BB60DC76-FCAC-482D-994F-DA38A537C317}"
EndProject
Project("{FAE04EC0-301F-11D3-BF4B-00C04F79EFBC}") = "waterPlants.iOS", "iOS\waterPlants.iOS.csproj", "{50520568-2E27-4D60-A38C-FA93BCA7B7F7}"
EndProject
Project("{FAE04EC0-301F-11D3-BF4B-00C04F79EFBC}") = "waterPlants.Droid", "Droid\waterPlants.Droid.csproj", "{5749AA3D-9D5D-4461-BFFC-C2AD67BDC4C8}"
EndProject
Global
	GlobalSection(SolutionConfigurationPlatforms) = preSolution
		Debug|iPhoneSimulator = Debug|iPhoneSimulator
		Release|iPhone = Release|iPhone
		Release|iPhoneSimulator = Release|iPhoneSimulator
		Debug|iPhone = Debug|iPhone
		Debug|Any CPU = Debug|Any CPU
		Release|Any CPU = Release|Any CPU
	EndGlobalSection
	GlobalSection(ProjectConfigurationPlatforms) = postSolution
		{50520568-2E27-4D60-A38C-FA93BCA7B7F7}.Debug|iPhoneSimulator.ActiveCfg = Debug|iPhoneSimulator
		{50520568-2E27-4D60-A38C-FA93BCA7B7F7}.Debug|iPhoneSimulator.Build.0 = Debug|iPhoneSimulator
		{50520568-2E27-4D60-A38C-FA93BCA7B7F7}.Release|iPhone.ActiveCfg = Release|iPhone
		{50520568-2E27-4D60-A38C-FA93BCA7B7F7}.Release|iPhone.Build.0 = Release|iPhone
		{50520568-2E27-4D60-A38C-FA93BCA7B7F7}.Release|iPhoneSimulator.ActiveCfg = Release|iPhoneSimulator
		{50520568-2E27-4D60-A38C-FA93BCA7B7F7}.Release|iPhoneSimulator.Build.0 = Release|iPhoneSimulator
		{50520568-2E27-4D60-A38C-FA93BCA7B7F7}.Debug|iPhone.ActiveCfg = Debug|iPhone
		{50520568-2E27-4D60-A38C-FA93BCA7B7F7}.Debug|iPhone.Build.0 = Debug|iPhone
		{50520568-2E27-4D60-A38C-FA93BCA7B7F7}.Debug|Any CPU.ActiveCfg = Debug|iPhoneSimulator
		{50520568-2E27-4D60-A38C-FA93BCA7B7F7}.Debug|Any CPU.Build.0 = Debug|iPhoneSimulator
		{50520568-2E27-4D60-A38C-FA93BCA7B7F7}.Release|Any CPU.ActiveCfg = Release|iPhone
		{50520568-2E27-4D60-A38C-FA93BCA7B7F7}.Release|Any CPU.Build.0 = Release|iPhone
		{5749AA3D-9D5D-4461-BFFC-C2AD67BDC4C8}.Debug|iPhoneSimulator.ActiveCfg = Debug|Any CPU
		{5749AA3D-9D5D-4461-BFFC-C2AD67BDC4C8}.Debug|iPhoneSimulator.Build.0 = Debug|Any CPU
		{5749AA3D-9D5D-4461-BFFC-C2AD67BDC4C8}.Release|iPhone.ActiveCfg = Release|Any CPU
		{5749AA3D-9D5D-4461-BFFC-C2AD67BDC4C8}.Release|iPhone.Build.0 = Release|Any CPU
		{5749AA3D-9D5D-4461-BFFC-C2AD67BDC4C8}.Release|iPhoneSimulator.ActiveCfg = Release|Any CPU
		{5749AA3D-9D5D-4461-BFFC-C2AD67BDC4C8}.Release|iPhoneSimulator.Build.0 = Release|Any CPU
		{5749AA3D-9D5D-4461-BFFC-C2AD67BDC4C8}.Debug|iPhone.ActiveCfg = Debug|Any CPU
		{5749AA3D-9D5D-4461-BFFC-C2AD67BDC4C8}.Debug|iPhone.Build.0 = Debug|Any CPU
		{5749AA3D-9D5D-4461-BFFC-C2AD67BDC4C8}.Debug|Any CPU.ActiveCfg = Debug|Any CPU
		{5749AA3D-9D5D-4461-BFFC-C2AD67BDC4C8}.Debug|Any CPU.Build.0 = Debug|Any CPU
		{5749AA3D-9D5D-4461-BFFC-C2AD67BDC4C8}.Release|Any CPU.ActiveCfg = Release|Any CPU
		{5749AA3D-9D5D-4461-BFFC-C2AD67BDC4C8}.Release|Any CPU.Build.0 = Release|Any CPU
	EndGlobalSection
EndGlobal
